
Microsoft Visual Studio Solution File, Format Version 12.00
# Visual Studio 15
VisualStudioVersion = 15.0.28307.168
MinimumVisualStudioVersion = 10.0.40219.1
Project("{FAE04EC0-301F-11D3-BF4B-00C04F79EFBC}") = "AppXFimdb.Android", "AppXFimdb\AppXFimdb.Android\AppXFimdb.Android.csproj", "{1577E579-6478-4E51-B8BA-25CB65EBD946}"
EndProject
Project("{FAE04EC0-301F-11D3-BF4B-00C04F79EFBC}") = "AppXFimdb.iOS", "AppXFimdb\AppXFimdb.iOS\AppXFimdb.iOS.csproj", "{464DC4C0-CE6C-4AB7-B55B-319CD9C4C7FE}"
EndProject
Project("{FAE04EC0-301F-11D3-BF4B-00C04F79EFBC}") = "AppXFimdb", "AppXFimdb\AppXFimdb\AppXFimdb.csproj", "{F91E10DA-8073-4C85-9162-A1EC126BF747}"
EndProject
Global
	GlobalSection(SolutionConfigurationPlatforms) = preSolution
		Ad-Hoc|Any CPU = Ad-Hoc|Any CPU
		Ad-Hoc|iPhone = Ad-Hoc|iPhone
		Ad-Hoc|iPhoneSimulator = Ad-Hoc|iPhoneSimulator
		AppStore|Any CPU = AppStore|Any CPU
		AppStore|iPhone = AppStore|iPhone
		AppStore|iPhoneSimulator = AppStore|iPhoneSimulator
		Debug|Any CPU = Debug|Any CPU
		Debug|iPhone = Debug|iPhone
		Debug|iPhoneSimulator = Debug|iPhoneSimulator
		Release|Any CPU = Release|Any CPU
		Release|iPhone = Release|iPhone
		Release|iPhoneSimulator = Release|iPhoneSimulator
	EndGlobalSection
	GlobalSection(ProjectConfigurationPlatforms) = postSolution
		{1577E579-6478-4E51-B8BA-25CB65EBD946}.Ad-Hoc|Any CPU.ActiveCfg = Release|Any CPU
		{1577E579-6478-4E51-B8BA-25CB65EBD946}.Ad-Hoc|Any CPU.Build.0 = Release|Any CPU
		{1577E579-6478-4E51-B8BA-25CB65EBD946}.Ad-Hoc|Any CPU.Deploy.0 = Release|Any CPU
		{1577E579-6478-4E51-B8BA-25CB65EBD946}.Ad-Hoc|iPhone.ActiveCfg = Release|Any CPU
		{1577E579-6478-4E51-B8BA-25CB65EBD946}.Ad-Hoc|iPhone.Build.0 = Release|Any CPU
		{1577E579-6478-4E51-B8BA-25CB65EBD946}.Ad-Hoc|iPhone.Deploy.0 = Release|Any CPU
		{1577E579-6478-4E51-B8BA-25CB65EBD946}.Ad-Hoc|iPhoneSimulator.ActiveCfg = Release|Any CPU
		{1577E579-6478-4E51-B8BA-25CB65EBD946}.Ad-Hoc|iPhoneSimulator.Build.0 = Release|Any CPU
		{1577E579-6478-4E51-B8BA-25CB65EBD946}.Ad-Hoc|iPhoneSimulator.Deploy.0 = Release|Any CPU
		{1577E579-6478-4E51-B8BA-25CB65EBD946}.AppStore|Any CPU.ActiveCfg = Release|Any CPU
		{1577E579-6478-4E51-B8BA-25CB65EBD946}.AppStore|Any CPU.Build.0 = Release|Any CPU
		{1577E579-6478-4E51-B8BA-25CB65EBD946}.AppStore|Any CPU.Deploy.0 = Release|Any CPU
		{1577E579-6478-4E51-B8BA-25CB65EBD946}.AppStore|iPhone.ActiveCfg = Release|Any CPU
		{1577E579-6478-4E51-B8BA-25CB65EBD946}.AppStore|iPhone.Build.0 = Release|Any CPU
		{1577E579-6478-4E51-B8BA-25CB65EBD946}.AppStore|iPhone.Deploy.0 = Release|Any CPU
		{1577E579-6478-4E51-B8BA-25CB65EBD946}.AppStore|iPhoneSimulator.ActiveCfg = Release|Any CPU
		{1577E579-6478-4E51-B8BA-25CB65EBD946}.AppStore|iPhoneSimulator.Build.0 = Release|Any CPU
		{1577E579-6478-4E51-B8BA-25CB65EBD946}.AppStore|iPhoneSimulator.Deploy.0 = Release|Any CPU
		{1577E579-6478-4E51-B8BA-25CB65EBD946}.Debug|Any CPU.ActiveCfg = Debug|Any CPU
		{1577E579-6478-4E51-B8BA-25CB65EBD946}.Debug|Any CPU.Build.0 = Debug|Any CPU
		{1577E579-6478-4E51-B8BA-25CB65EBD946}.Debug|Any CPU.Deploy.0 = Debug|Any CPU
		{1577E579-6478-4E51-B8BA-25CB65EBD946}.Debug|iPhone.ActiveCfg = Debug|Any CPU
		{1577E579-6478-4E51-B8BA-25CB65EBD946}.Debug|iPhone.Build.0 = Debug|Any CPU
		{1577E579-6478-4E51-B8BA-25CB65EBD946}.Debug|iPhone.Deploy.0 = Debug|Any CPU
		{1577E579-6478-4E51-B8BA-25CB65EBD946}.Debug|iPhoneSimulator.ActiveCfg = Debug|Any CPU
		{1577E579-6478-4E51-B8BA-25CB65EBD946}.Debug|iPhoneSimulator.Build.0 = Debug|Any CPU
		{1577E579-6478-4E51-B8BA-25CB65EBD946}.Debug|iPhoneSimulator.Deploy.0 = Debug|Any CPU
		{1577E579-6478-4E51-B8BA-25CB65EBD946}.Release|Any CPU.ActiveCfg = Release|Any CPU
		{1577E579-6478-4E51-B8BA-25CB65EBD946}.Release|Any CPU.Build.0 = Release|Any CPU
		{1577E579-6478-4E51-B8BA-25CB65EBD946}.Release|Any CPU.Deploy.0 = Release|Any CPU
		{1577E579-6478-4E51-B8BA-25CB65EBD946}.Release|iPhone.ActiveCfg = Release|Any CPU
		{1577E579-6478-4E51-B8BA-25CB65EBD946}.Release|iPhone.Build.0 = Release|Any CPU
		{1577E579-6478-4E51-B8BA-25CB65EBD946}.Release|iPhone.Deploy.0 = Release|Any CPU
		{1577E579-6478-4E51-B8BA-25CB65EBD946}.Release|iPhoneSimulator.ActiveCfg = Release|Any CPU
		{1577E579-6478-4E51-B8BA-25CB65EBD946}.Release|iPhoneSimulator.Build.0 = Release|Any CPU
		{1577E579-6478-4E51-B8BA-25CB65EBD946}.Release|iPhoneSimulator.Deploy.0 = Release|Any CPU
		{464DC4C0-CE6C-4AB7-B55B-319CD9C4C7FE}.Ad-Hoc|Any CPU.ActiveCfg = Ad-Hoc|iPhone
		{464DC4C0-CE6C-4AB7-B55B-319CD9C4C7FE}.Ad-Hoc|Any CPU.Build.0 = Ad-Hoc|iPhone
		{464DC4C0-CE6C-4AB7-B55B-319CD9C4C7FE}.Ad-Hoc|Any CPU.Deploy.0 = Ad-Hoc|iPhone
		{464DC4C0-CE6C-4AB7-B55B-319CD9C4C7FE}.Ad-Hoc|iPhone.ActiveCfg = Ad-Hoc|iPhone
		{464DC4C0-CE6C-4AB7-B55B-319CD9C4C7FE}.Ad-Hoc|iPhone.Build.0 = Ad-Hoc|iPhone
		{464DC4C0-CE6C-4AB7-B55B-319CD9C4C7FE}.Ad-Hoc|iPhone.Deploy.0 = Ad-Hoc|iPhone
		{464DC4C0-CE6C-4AB7-B55B-319CD9C4C7FE}.Ad-Hoc|iPhoneSimulator.ActiveCfg = Ad-Hoc|iPhoneSimulator
		{464DC4C0-CE6C-4AB7-B55B-319CD9C4C7FE}.Ad-Hoc|iPhoneSimulator.Build.0 = Ad-Hoc|iPhoneSimulator
		{464DC4C0-CE6C-4AB7-B55B-319CD9C4C7FE}.Ad-Hoc|iPhoneSimulator.Deploy.0 = Ad-Hoc|iPhoneSimulator
		{464DC4C0-CE6C-4AB7-B55B-319CD9C4C7FE}.AppStore|Any CPU.ActiveCfg = AppStore|iPhone
		{464DC4C0-CE6C-4AB7-B55B-319CD9C4C7FE}.AppStore|Any CPU.Build.0 = AppStore|iPhone
		{464DC4C0-CE6C-4AB7-B55B-319CD9C4C7FE}.AppStore|Any CPU.Deploy.0 = AppStore|iPhone
		{464DC4C0-CE6C-4AB7-B55B-319CD9C4C7FE}.AppStore|iPhone.ActiveCfg = AppStore|iPhone
		{464DC4C0-CE6C-4AB7-B55B-319CD9C4C7FE}.AppStore|iPhone.Build.0 = AppStore|iPhone
		{464DC4C0-CE6C-4AB7-B55B-319CD9C4C7FE}.AppStore|iPhone.Deploy.0 = AppStore|iPhone
		{464DC4C0-CE6C-4AB7-B55B-319CD9C4C7FE}.AppStore|iPhoneSimulator.ActiveCfg = AppStore|iPhoneSimulator
		{464DC4C0-CE6C-4AB7-B55B-319CD9C4C7FE}.AppStore|iPhoneSimulator.Build.0 = AppStore|iPhoneSimulator
		{464DC4C0-CE6C-4AB7-B55B-319CD9C4C7FE}.AppStore|iPhoneSimulator.Deploy.0 = AppStore|iPhoneSimulator
		{464DC4C0-CE6C-4AB7-B55B-319CD9C4C7FE}.Debug|Any CPU.ActiveCfg = Debug|iPhoneSimulator
		{464DC4C0-CE6C-4AB7-B55B-319CD9C4C7FE}.Debug|Any CPU.Build.0 = Debug|iPhoneSimulator
		{464DC4C0-CE6C-4AB7-B55B-319CD9C4C7FE}.Debug|Any CPU.Deploy.0 = Debug|iPhoneSimulator
		{464DC4C0-CE6C-4AB7-B55B-319CD9C4C7FE}.Debug|iPhone.ActiveCfg = Debug|iPhone
		{464DC4C0-CE6C-4AB7-B55B-319CD9C4C7FE}.Debug|iPhone.Build.0 = Debug|iPhone
		{464DC4C0-CE6C-4AB7-B55B-319CD9C4C7FE}.Debug|iPhone.Deploy.0 = Debug|iPhone
		{464DC4C0-CE6C-4AB7-B55B-319CD9C4C7FE}.Debug|iPhoneSimulator.ActiveCfg = Debug|iPhoneSimulator
		{464DC4C0-CE6C-4AB7-B55B-319CD9C4C7FE}.Debug|iPhoneSimulator.Build.0 = Debug|iPhoneSimulator
		{464DC4C0-CE6C-4AB7-B55B-319CD9C4C7FE}.Debug|iPhoneSimulator.Deploy.0 = Debug|iPhoneSimulator
		{464DC4C0-CE6C-4AB7-B55B-319CD9C4C7FE}.Release|Any CPU.ActiveCfg = Release|iPhone
		{464DC4C0-CE6C-4AB7-B55B-319CD9C4C7FE}.Release|Any CPU.Build.0 = Release|iPhone
		{464DC4C0-CE6C-4AB7-B55B-319CD9C4C7FE}.Release|Any CPU.Deploy.0 = Release|iPhone
		{464DC4C0-CE6C-4AB7-B55B-319CD9C4C7FE}.Release|iPhone.ActiveCfg = Release|iPhone
		{464DC4C0-CE6C-4AB7-B55B-319CD9C4C7FE}.Release|iPhone.Build.0 = Release|iPhone
		{464DC4C0-CE6C-4AB7-B55B-319CD9C4C7FE}.Release|iPhone.Deploy.0 = Release|iPhone
		{464DC4C0-CE6C-4AB7-B55B-319CD9C4C7FE}.Release|iPhoneSimulator.ActiveCfg = Release|iPhoneSimulator
		{464DC4C0-CE6C-4AB7-B55B-319CD9C4C7FE}.Release|iPhoneSimulator.Build.0 = Release|iPhoneSimulator
		{464DC4C0-CE6C-4AB7-B55B-319CD9C4C7FE}.Release|iPhoneSimulator.Deploy.0 = Release|iPhoneSimulator
		{F91E10DA-8073-4C85-9162-A1EC126BF747}.Ad-Hoc|Any CPU.ActiveCfg = Debug|Any CPU
		{F91E10DA-8073-4C85-9162-A1EC126BF747}.Ad-Hoc|Any CPU.Build.0 = Debug|Any CPU
		{F91E10DA-8073-4C85-9162-A1EC126BF747}.Ad-Hoc|Any CPU.Deploy.0 = Debug|Any CPU
		{F91E10DA-8073-4C85-9162-A1EC126BF747}.Ad-Hoc|iPhone.ActiveCfg = Debug|Any CPU
		{F91E10DA-8073-4C85-9162-A1EC126BF747}.Ad-Hoc|iPhone.Build.0 = Debug|Any CPU
		{F91E10DA-8073-4C85-9162-A1EC126BF747}.Ad-Hoc|iPhone.Deploy.0 = Debug|Any CPU
		{F91E10DA-8073-4C85-9162-A1EC126BF747}.Ad-Hoc|iPhoneSimulator.ActiveCfg = Debug|Any CPU
		{F91E10DA-8073-4C85-9162-A1EC126BF747}.Ad-Hoc|iPhoneSimulator.Build.0 = Debug|Any CPU
		{F91E10DA-8073-4C85-9162-A1EC126BF747}.Ad-Hoc|iPhoneSimulator.Deploy.0 = Debug|Any CPU
		{F91E10DA-8073-4C85-9162-A1EC126BF747}.AppStore|Any CPU.ActiveCfg = Debug|Any CPU
		{F91E10DA-8073-4C85-9162-A1EC126BF747}.AppStore|Any CPU.Build.0 = Debug|Any CPU
		{F91E10DA-8073-4C85-9162-A1EC126BF747}.AppStore|Any CPU.Deploy.0 = Debug|Any CPU
		{F91E10DA-8073-4C85-9162-A1EC126BF747}.AppStore|iPhone.ActiveCfg = Debug|Any CPU
		{F91E10DA-8073-4C85-9162-A1EC126BF747}.AppStore|iPhone.Build.0 = Debug|Any CPU
		{F91E10DA-8073-4C85-9162-A1EC126BF747}.AppStore|iPhone.Deploy.0 = Debug|Any CPU
		{F91E10DA-8073-4C85-9162-A1EC126BF747}.AppStore|iPhoneSimulator.ActiveCfg = Debug|Any CPU
		{F91E10DA-8073-4C85-9162-A1EC126BF747}.AppStore|iPhoneSimulator.Build.0 = Debug|Any CPU
		{F91E10DA-8073-4C85-9162-A1EC126BF747}.AppStore|iPhoneSimulator.Deploy.0 = Debug|Any CPU
		{F91E10DA-8073-4C85-9162-A1EC126BF747}.Debug|Any CPU.ActiveCfg = Debug|Any CPU
		{F91E10DA-8073-4C85-9162-A1EC126BF747}.Debug|Any CPU.Build.0 = Debug|Any CPU
		{F91E10DA-8073-4C85-9162-A1EC126BF747}.Debug|Any CPU.Deploy.0 = Debug|Any CPU
		{F91E10DA-8073-4C85-9162-A1EC126BF747}.Debug|iPhone.ActiveCfg = Debug|Any CPU
		{F91E10DA-8073-4C85-9162-A1EC126BF747}.Debug|iPhone.Build.0 = Debug|Any CPU
		{F91E10DA-8073-4C85-9162-A1EC126BF747}.Debug|iPhone.Deploy.0 = Debug|Any CPU
		{F91E10DA-8073-4C85-9162-A1EC126BF747}.Debug|iPhoneSimulator.ActiveCfg = Debug|Any CPU
		{F91E10DA-8073-4C85-9162-A1EC126BF747}.Debug|iPhoneSimulator.Build.0 = Debug|Any CPU
		{F91E10DA-8073-4C85-9162-A1EC126BF747}.Debug|iPhoneSimulator.Deploy.0 = Debug|Any CPU
		{F91E10DA-8073-4C85-9162-A1EC126BF747}.Release|Any CPU.ActiveCfg = Release|Any CPU
		{F91E10DA-8073-4C85-9162-A1EC126BF747}.Release|Any CPU.Build.0 = Release|Any CPU
		{F91E10DA-8073-4C85-9162-A1EC126BF747}.Release|Any CPU.Deploy.0 = Release|Any CPU
		{F91E10DA-8073-4C85-9162-A1EC126BF747}.Release|iPhone.ActiveCfg = Release|Any CPU
		{F91E10DA-8073-4C85-9162-A1EC126BF747}.Release|iPhone.Build.0 = Release|Any CPU
		{F91E10DA-8073-4C85-9162-A1EC126BF747}.Release|iPhone.Deploy.0 = Release|Any CPU
		{F91E10DA-8073-4C85-9162-A1EC126BF747}.Release|iPhoneSimulator.ActiveCfg = Release|Any CPU
		{F91E10DA-8073-4C85-9162-A1EC126BF747}.Release|iPhoneSimulator.Build.0 = Release|Any CPU
		{F91E10DA-8073-4C85-9162-A1EC126BF747}.Release|iPhoneSimulator.Deploy.0 = Release|Any CPU
	EndGlobalSection
	GlobalSection(SolutionProperties) = preSolution
		HideSolutionNode = FALSE
	EndGlobalSection
	GlobalSection(ExtensibilityGlobals) = postSolution
		SolutionGuid = {E37E9A31-B1CC-46D9-B91B-00C18250716F}
	EndGlobalSection
EndGlobal
